{
  "requires": true,
  "lockfileVersion": 1,
  "dependencies": {
    "alertifyjs": {
      "version": "1.11.1",
      "resolved": "https://registry.npmjs.org/alertifyjs/-/alertifyjs-1.11.1.tgz",
      "integrity": "sha512-8rw5zvMlg0Idltq15OOU9tGabYVA/I8JTNIM5ICUXqvrdPb7cfl+sSkTv9pDc6bbB8p9L85GtmOG7SUSv+bugQ=="
    },
    "angular": {
      "version": "1.6.10",
      "resolved": "https://registry.npmjs.org/angular/-/angular-1.6.10.tgz",
      "integrity": "sha512-PCZ5/hVdvPQiYyH0VwsPjrErPHRcITnaXxhksceOXgtJeesKHLA7KDu4X/yvcAi+1zdGgGF+9pDxkJvghXI9Wg=="
    },
    "bootstrap": {
      "version": "4.1.1",
      "resolved": "https://registry.npmjs.org/bootstrap/-/bootstrap-4.1.1.tgz",
      "integrity": "sha512-SpiDSOcbg4J/PjVSt4ny5eY6j74VbVSjROY4Fb/WIUXBV9cnb5luyR4KnPvNoXuGnBK1T+nJIWqRsvU3yP8Mcg=="
    },
    "jquery": {
      "version": "1.9.1",
      "resolved": "https://registry.npmjs.org/jquery/-/jquery-1.9.1.tgz",
      "integrity": "sha1-5M1INfqu+63lNYV2E8D8P/KtrzQ="
    }
  }
}
